
Microsoft Visual Studio Solution File, Format Version 12.00
# Visual Studio Version 16
VisualStudioVersion = 16.0.31112.23
MinimumVisualStudioVersion = 10.0.40219.1
Project("{FAE04EC0-301F-11D3-BF4B-00C04F79EFBC}") = "PruebaNET", "PruebaNET\PruebaNET.csproj", "{D1513028-05D1-40E8-AB62-D43658DC1E2A}"
EndProject
Project("{FAE04EC0-301F-11D3-BF4B-00C04F79EFBC}") = "Entidades", "Entidades\Entidades.csproj", "{1F76D089-B35B-4018-A19A-1E5084B37477}"
EndProject
Project("{FAE04EC0-301F-11D3-BF4B-00C04F79EFBC}") = "Reporitorio", "Reporitorio\Reporitorio.csproj", "{1CAE007D-9D1E-4EB9-A51A-2B55449D5AE8}"
EndProject
Global
	GlobalSection(SolutionConfigurationPlatforms) = preSolution
		Debug|Any CPU = Debug|Any CPU
		Release|Any CPU = Release|Any CPU
	EndGlobalSection
	GlobalSection(ProjectConfigurationPlatforms) = postSolution
		{D1513028-05D1-40E8-AB62-D43658DC1E2A}.Debug|Any CPU.ActiveCfg = Debug|Any CPU
		{D1513028-05D1-40E8-AB62-D43658DC1E2A}.Debug|Any CPU.Build.0 = Debug|Any CPU
		{D1513028-05D1-40E8-AB62-D43658DC1E2A}.Release|Any CPU.ActiveCfg = Release|Any CPU
		{D1513028-05D1-40E8-AB62-D43658DC1E2A}.Release|Any CPU.Build.0 = Release|Any CPU
		{1F76D089-B35B-4018-A19A-1E5084B37477}.Debug|Any CPU.ActiveCfg = Debug|Any CPU
		{1F76D089-B35B-4018-A19A-1E5084B37477}.Debug|Any CPU.Build.0 = Debug|Any CPU
		{1F76D089-B35B-4018-A19A-1E5084B37477}.Release|Any CPU.ActiveCfg = Release|Any CPU
		{1F76D089-B35B-4018-A19A-1E5084B37477}.Release|Any CPU.Build.0 = Release|Any CPU
		{1CAE007D-9D1E-4EB9-A51A-2B55449D5AE8}.Debug|Any CPU.ActiveCfg = Debug|Any CPU
		{1CAE007D-9D1E-4EB9-A51A-2B55449D5AE8}.Debug|Any CPU.Build.0 = Debug|Any CPU
		{1CAE007D-9D1E-4EB9-A51A-2B55449D5AE8}.Release|Any CPU.ActiveCfg = Release|Any CPU
		{1CAE007D-9D1E-4EB9-A51A-2B55449D5AE8}.Release|Any CPU.Build.0 = Release|Any CPU
	EndGlobalSection
	GlobalSection(SolutionProperties) = preSolution
		HideSolutionNode = FALSE
	EndGlobalSection
	GlobalSection(ExtensibilityGlobals) = postSolution
		SolutionGuid = {08DAFEF3-4124-4ABC-90F5-030DCCC28470}
	EndGlobalSection
EndGlobal
